// !$*UTF8*$!
{
	archiveVersion = 1;
	classes = {
	};
	objectVersion = 56;
	objects = {

/* Begin PBXBuildFile section */
		133262C12C6457F900CB90E1 /* HealthKitPermissionPrimingView.swift in Sources */ = {isa = PBXBuildFile; fileRef = 133262C02C6457F900CB90E1 /* HealthKitPermissionPrimingView.swift */; };
		133262C42C64684300CB90E1 /* HealthKitManager.swift in Sources */ = {isa = PBXBuildFile; fileRef = 133262C32C64684300CB90E1 /* HealthKitManager.swift */; };
		134B69C42C8856E500E23EAA /* WeightLineChart.swift in Sources */ = {isa = PBXBuildFile; fileRef = 134B69C32C8856E500E23EAA /* WeightLineChart.swift */; };
		134B69C72C88589F00E23EAA /* MockData.swift in Sources */ = {isa = PBXBuildFile; fileRef = 134B69C62C88589F00E23EAA /* MockData.swift */; };
		134B69C92C899F8E00E23EAA /* WeightDiffBarChart.swift in Sources */ = {isa = PBXBuildFile; fileRef = 134B69C82C899F8E00E23EAA /* WeightDiffBarChart.swift */; };
		136E67F22C61D2DE00A15970 /* stepTrackerApp.swift in Sources */ = {isa = PBXBuildFile; fileRef = 136E67F12C61D2DE00A15970 /* stepTrackerApp.swift */; };
		136E67F42C61D2DE00A15970 /* DashBoardView.swift in Sources */ = {isa = PBXBuildFile; fileRef = 136E67F32C61D2DE00A15970 /* DashBoardView.swift */; };
		136E67F62C61D2E000A15970 /* Assets.xcassets in Resources */ = {isa = PBXBuildFile; fileRef = 136E67F52C61D2E000A15970 /* Assets.xcassets */; };
		136E67F92C61D2E000A15970 /* Preview Assets.xcassets in Resources */ = {isa = PBXBuildFile; fileRef = 136E67F82C61D2E000A15970 /* Preview Assets.xcassets */; };
		139BF7BB2C828D0600B4DBF3 /* ChartMath.swift in Sources */ = {isa = PBXBuildFile; fileRef = 139BF7BA2C828D0600B4DBF3 /* ChartMath.swift */; };
		139BF7BD2C828DA000B4DBF3 /* ChartDataTypes.swift in Sources */ = {isa = PBXBuildFile; fileRef = 139BF7BC2C828DA000B4DBF3 /* ChartDataTypes.swift */; };
		139BF7C02C828E5600B4DBF3 /* Date+Ext.swift in Sources */ = {isa = PBXBuildFile; fileRef = 139BF7BF2C828E5600B4DBF3 /* Date+Ext.swift */; };
		139BF7C32C8292C300B4DBF3 /* Algorithms in Frameworks */ = {isa = PBXBuildFile; productRef = 139BF7C22C8292C300B4DBF3 /* Algorithms */; };
		139BF7C52C82B4AD00B4DBF3 /* StepPieChart.swift in Sources */ = {isa = PBXBuildFile; fileRef = 139BF7C42C82B4AD00B4DBF3 /* StepPieChart.swift */; };
		13C341742C97D5C8009D0772 /* ChartEmptyView.swift in Sources */ = {isa = PBXBuildFile; fileRef = 13C341732C97D5C8009D0772 /* ChartEmptyView.swift */; };
		13D1ED3A2C6D8AED0082B269 /* HealthMetric.swift in Sources */ = {isa = PBXBuildFile; fileRef = 13D1ED392C6D8AED0082B269 /* HealthMetric.swift */; };
		13E90C942C7021D5008EEE16 /* StepBarChart.swift in Sources */ = {isa = PBXBuildFile; fileRef = 13E90C932C7021D5008EEE16 /* StepBarChart.swift */; };
		13FDD4812C622BD100962439 /* HealthDataListView.swift in Sources */ = {isa = PBXBuildFile; fileRef = 13FDD4802C622BD100962439 /* HealthDataListView.swift */; };
/* End PBXBuildFile section */

/* Begin PBXFileReference section */
		133262C02C6457F900CB90E1 /* HealthKitPermissionPrimingView.swift */ = {isa = PBXFileReference; lastKnownFileType = sourcecode.swift; path = HealthKitPermissionPrimingView.swift; sourceTree = "<group>"; };
		133262C22C645CAC00CB90E1 /* stepTracker.entitlements */ = {isa = PBXFileReference; lastKnownFileType = text.plist.entitlements; path = stepTracker.entitlements; sourceTree = "<group>"; };
		133262C32C64684300CB90E1 /* HealthKitManager.swift */ = {isa = PBXFileReference; lastKnownFileType = sourcecode.swift; path = HealthKitManager.swift; sourceTree = "<group>"; };
		134B69C32C8856E500E23EAA /* WeightLineChart.swift */ = {isa = PBXFileReference; lastKnownFileType = sourcecode.swift; path = WeightLineChart.swift; sourceTree = "<group>"; };
		134B69C62C88589F00E23EAA /* MockData.swift */ = {isa = PBXFileReference; lastKnownFileType = sourcecode.swift; path = MockData.swift; sourceTree = "<group>"; };
		134B69C82C899F8E00E23EAA /* WeightDiffBarChart.swift */ = {isa = PBXFileReference; lastKnownFileType = sourcecode.swift; path = WeightDiffBarChart.swift; sourceTree = "<group>"; };
		136E67EE2C61D2DE00A15970 /* stepTracker.app */ = {isa = PBXFileReference; explicitFileType = wrapper.application; includeInIndex = 0; path = stepTracker.app; sourceTree = BUILT_PRODUCTS_DIR; };
		136E67F12C61D2DE00A15970 /* stepTrackerApp.swift */ = {isa = PBXFileReference; lastKnownFileType = sourcecode.swift; path = stepTrackerApp.swift; sourceTree = "<group>"; };
		136E67F32C61D2DE00A15970 /* DashBoardView.swift */ = {isa = PBXFileReference; lastKnownFileType = sourcecode.swift; path = DashBoardView.swift; sourceTree = "<group>"; };
		136E67F52C61D2E000A15970 /* Assets.xcassets */ = {isa = PBXFileReference; lastKnownFileType = folder.assetcatalog; path = Assets.xcassets; sourceTree = "<group>"; };
		136E67F82C61D2E000A15970 /* Preview Assets.xcassets */ = {isa = PBXFileReference; lastKnownFileType = folder.assetcatalog; path = "Preview Assets.xcassets"; sourceTree = "<group>"; };
		139BF7BA2C828D0600B4DBF3 /* ChartMath.swift */ = {isa = PBXFileReference; lastKnownFileType = sourcecode.swift; path = ChartMath.swift; sourceTree = "<group>"; };
		139BF7BC2C828DA000B4DBF3 /* ChartDataTypes.swift */ = {isa = PBXFileReference; lastKnownFileType = sourcecode.swift; path = ChartDataTypes.swift; sourceTree = "<group>"; };
		139BF7BF2C828E5600B4DBF3 /* Date+Ext.swift */ = {isa = PBXFileReference; lastKnownFileType = sourcecode.swift; path = "Date+Ext.swift"; sourceTree = "<group>"; };
		139BF7C42C82B4AD00B4DBF3 /* StepPieChart.swift */ = {isa = PBXFileReference; lastKnownFileType = sourcecode.swift; path = StepPieChart.swift; sourceTree = "<group>"; };
		13C341732C97D5C8009D0772 /* ChartEmptyView.swift */ = {isa = PBXFileReference; lastKnownFileType = sourcecode.swift; path = ChartEmptyView.swift; sourceTree = "<group>"; };
		13D1ED392C6D8AED0082B269 /* HealthMetric.swift */ = {isa = PBXFileReference; lastKnownFileType = sourcecode.swift; path = HealthMetric.swift; sourceTree = "<group>"; };
		13E90C932C7021D5008EEE16 /* StepBarChart.swift */ = {isa = PBXFileReference; lastKnownFileType = sourcecode.swift; path = StepBarChart.swift; sourceTree = "<group>"; };
		13FDD4802C622BD100962439 /* HealthDataListView.swift */ = {isa = PBXFileReference; lastKnownFileType = sourcecode.swift; path = HealthDataListView.swift; sourceTree = "<group>"; };
/* End PBXFileReference section */

/* Begin PBXFrameworksBuildPhase section */
		136E67EB2C61D2DE00A15970 /* Frameworks */ = {
			isa = PBXFrameworksBuildPhase;
			buildActionMask = 2147483647;
			files = (
				139BF7C32C8292C300B4DBF3 /* Algorithms in Frameworks */,
			);
			runOnlyForDeploymentPostprocessing = 0;
		};
/* End PBXFrameworksBuildPhase section */

/* Begin PBXGroup section */
		134B69C52C88583D00E23EAA /* Utilities */ = {
			isa = PBXGroup;
			children = (
				139BF7BE2C828E4300B4DBF3 /* Extension */,
				134B69C62C88589F00E23EAA /* MockData.swift */,
			);
			path = Utilities;
			sourceTree = "<group>";
		};
		136E67E52C61D2DE00A15970 = {
			isa = PBXGroup;
			children = (
				136E67F02C61D2DE00A15970 /* stepTracker */,
				136E67EF2C61D2DE00A15970 /* Products */,
			);
			sourceTree = "<group>";
		};
		136E67EF2C61D2DE00A15970 /* Products */ = {
			isa = PBXGroup;
			children = (
				136E67EE2C61D2DE00A15970 /* stepTracker.app */,
			);
			name = Products;
			sourceTree = "<group>";
		};
		136E67F02C61D2DE00A15970 /* stepTracker */ = {
			isa = PBXGroup;
			children = (
				133262C22C645CAC00CB90E1 /* stepTracker.entitlements */,
				136E67F12C61D2DE00A15970 /* stepTrackerApp.swift */,
				136E67F52C61D2E000A15970 /* Assets.xcassets */,
				13E90C982C7024A8008EEE16 /* Manager */,
				13E90C972C7024A0008EEE16 /* Model */,
				13E90C962C70246E008EEE16 /* Charts */,
				134B69C52C88583D00E23EAA /* Utilities */,
				13E90C952C70245A008EEE16 /* Screens */,
				136E67F72C61D2E000A15970 /* Preview Content */,
			);
			path = stepTracker;
			sourceTree = "<group>";
		};
		136E67F72C61D2E000A15970 /* Preview Content */ = {
			isa = PBXGroup;
			children = (
				136E67F82C61D2E000A15970 /* Preview Assets.xcassets */,
			);
			path = "Preview Content";
			sourceTree = "<group>";
		};
		139BF7BE2C828E4300B4DBF3 /* Extension */ = {
			isa = PBXGroup;
			children = (
				139BF7BF2C828E5600B4DBF3 /* Date+Ext.swift */,
			);
			path = Extension;
			sourceTree = "<group>";
		};
		13E90C952C70245A008EEE16 /* Screens */ = {
			isa = PBXGroup;
			children = (
				136E67F32C61D2DE00A15970 /* DashBoardView.swift */,
				133262C02C6457F900CB90E1 /* HealthKitPermissionPrimingView.swift */,
				13FDD4802C622BD100962439 /* HealthDataListView.swift */,
			);
			path = Screens;
			sourceTree = "<group>";
		};
		13E90C962C70246E008EEE16 /* Charts */ = {
			isa = PBXGroup;
			children = (
				134B69C32C8856E500E23EAA /* WeightLineChart.swift */,
				139BF7BA2C828D0600B4DBF3 /* ChartMath.swift */,
				134B69C82C899F8E00E23EAA /* WeightDiffBarChart.swift */,
				139BF7BC2C828DA000B4DBF3 /* ChartDataTypes.swift */,
				139BF7C42C82B4AD00B4DBF3 /* StepPieChart.swift */,
				13E90C932C7021D5008EEE16 /* StepBarChart.swift */,
				13C341732C97D5C8009D0772 /* ChartEmptyView.swift */,
			);
			path = Charts;
			sourceTree = "<group>";
		};
		13E90C972C7024A0008EEE16 /* Model */ = {
			isa = PBXGroup;
			children = (
				13D1ED392C6D8AED0082B269 /* HealthMetric.swift */,
			);
			path = Model;
			sourceTree = "<group>";
		};
		13E90C982C7024A8008EEE16 /* Manager */ = {
			isa = PBXGroup;
			children = (
				133262C32C64684300CB90E1 /* HealthKitManager.swift */,
			);
			path = Manager;
			sourceTree = "<group>";
		};
/* End PBXGroup section */

/* Begin PBXNativeTarget section */
		136E67ED2C61D2DE00A15970 /* stepTracker */ = {
			isa = PBXNativeTarget;
			buildConfigurationList = 136E67FC2C61D2E000A15970 /* Build configuration list for PBXNativeTarget "stepTracker" */;
			buildPhases = (
				136E67EA2C61D2DE00A15970 /* Sources */,
				136E67EB2C61D2DE00A15970 /* Frameworks */,
				136E67EC2C61D2DE00A15970 /* Resources */,
			);
			buildRules = (
			);
			dependencies = (
			);
			name = stepTracker;
			packageProductDependencies = (
				139BF7C22C8292C300B4DBF3 /* Algorithms */,
			);
			productName = stepTracker;
			productReference = 136E67EE2C61D2DE00A15970 /* stepTracker.app */;
			productType = "com.apple.product-type.application";
		};
/* End PBXNativeTarget section */

/* Begin PBXProject section */
		136E67E62C61D2DE00A15970 /* Project object */ = {
			isa = PBXProject;
			attributes = {
				BuildIndependentTargetsInParallel = 1;
				LastSwiftUpdateCheck = 1540;
				LastUpgradeCheck = 1540;
				TargetAttributes = {
					136E67ED2C61D2DE00A15970 = {
						CreatedOnToolsVersion = 15.4;
					};
				};
			};
			buildConfigurationList = 136E67E92C61D2DE00A15970 /* Build configuration list for PBXProject "stepTracker" */;
			compatibilityVersion = "Xcode 14.0";
			developmentRegion = en;
			hasScannedForEncodings = 0;
			knownRegions = (
				en,
				Base,
			);
			mainGroup = 136E67E52C61D2DE00A15970;
			packageReferences = (
				139BF7C12C8292C300B4DBF3 /* XCRemoteSwiftPackageReference "swift-algorithms" */,
			);
			productRefGroup = 136E67EF2C61D2DE00A15970 /* Products */;
			projectDirPath = "";
			projectRoot = "";
			targets = (
				136E67ED2C61D2DE00A15970 /* stepTracker */,
			);
		};
/* End PBXProject section */

/* Begin PBXResourcesBuildPhase section */
		136E67EC2C61D2DE00A15970 /* Resources */ = {
			isa = PBXResourcesBuildPhase;
			buildActionMask = 2147483647;
			files = (
				136E67F92C61D2E000A15970 /* Preview Assets.xcassets in Resources */,
				136E67F62C61D2E000A15970 /* Assets.xcassets in Resources */,
			);
			runOnlyForDeploymentPostprocessing = 0;
		};
/* End PBXResourcesBuildPhase section */

/* Begin PBXSourcesBuildPhase section */
		136E67EA2C61D2DE00A15970 /* Sources */ = {
			isa = PBXSourcesBuildPhase;
			buildActionMask = 2147483647;
			files = (
				13FDD4812C622BD100962439 /* HealthDataListView.swift in Sources */,
				134B69C92C899F8E00E23EAA /* WeightDiffBarChart.swift in Sources */,
				136E67F42C61D2DE00A15970 /* DashBoardView.swift in Sources */,
				13E90C942C7021D5008EEE16 /* StepBarChart.swift in Sources */,
				134B69C72C88589F00E23EAA /* MockData.swift in Sources */,
				13C341742C97D5C8009D0772 /* ChartEmptyView.swift in Sources */,
				136E67F22C61D2DE00A15970 /* stepTrackerApp.swift in Sources */,
				133262C42C64684300CB90E1 /* HealthKitManager.swift in Sources */,
				133262C12C6457F900CB90E1 /* HealthKitPermissionPrimingView.swift in Sources */,
				139BF7BB2C828D0600B4DBF3 /* ChartMath.swift in Sources */,
				13D1ED3A2C6D8AED0082B269 /* HealthMetric.swift in Sources */,
				139BF7BD2C828DA000B4DBF3 /* ChartDataTypes.swift in Sources */,
				139BF7C52C82B4AD00B4DBF3 /* StepPieChart.swift in Sources */,
				134B69C42C8856E500E23EAA /* WeightLineChart.swift in Sources */,
				139BF7C02C828E5600B4DBF3 /* Date+Ext.swift in Sources */,
			);
			runOnlyForDeploymentPostprocessing = 0;
		};
/* End PBXSourcesBuildPhase section */

/* Begin XCBuildConfiguration section */
		136E67FA2C61D2E000A15970 /* Debug */ = {
			isa = XCBuildConfiguration;
			buildSettings = {
				ALWAYS_SEARCH_USER_PATHS = NO;
				ASSETCATALOG_COMPILER_GENERATE_SWIFT_ASSET_SYMBOL_EXTENSIONS = YES;
				CLANG_ANALYZER_NONNULL = YES;
				CLANG_ANALYZER_NUMBER_OBJECT_CONVERSION = YES_AGGRESSIVE;
				CLANG_CXX_LANGUAGE_STANDARD = "gnu++20";
				CLANG_ENABLE_MODULES = YES;
				CLANG_ENABLE_OBJC_ARC = YES;
				CLANG_ENABLE_OBJC_WEAK = YES;
				CLANG_WARN_BLOCK_CAPTURE_AUTORELEASING = YES;
				CLANG_WARN_BOOL_CONVERSION = YES;
				CLANG_WARN_COMMA = YES;
				CLANG_WARN_CONSTANT_CONVERSION = YES;
				CLANG_WARN_DEPRECATED_OBJC_IMPLEMENTATIONS = YES;
				CLANG_WARN_DIRECT_OBJC_ISA_USAGE = YES_ERROR;
				CLANG_WARN_DOCUMENTATION_COMMENTS = YES;
				CLANG_WARN_EMPTY_BODY = YES;
				CLANG_WARN_ENUM_CONVERSION = YES;
				CLANG_WARN_INFINITE_RECURSION = YES;
				CLANG_WARN_INT_CONVERSION = YES;
				CLANG_WARN_NON_LITERAL_NULL_CONVERSION = YES;
				CLANG_WARN_OBJC_IMPLICIT_RETAIN_SELF = YES;
				CLANG_WARN_OBJC_LITERAL_CONVERSION = YES;
				CLANG_WARN_OBJC_ROOT_CLASS = YES_ERROR;
				CLANG_WARN_QUOTED_INCLUDE_IN_FRAMEWORK_HEADER = YES;
				CLANG_WARN_RANGE_LOOP_ANALYSIS = YES;
				CLANG_WARN_STRICT_PROTOTYPES = YES;
				CLANG_WARN_SUSPICIOUS_MOVE = YES;
				CLANG_WARN_UNGUARDED_AVAILABILITY = YES_AGGRESSIVE;
				CLANG_WARN_UNREACHABLE_CODE = YES;
				CLANG_WARN__DUPLICATE_METHOD_MATCH = YES;
				COPY_PHASE_STRIP = NO;
				DEBUG_INFORMATION_FORMAT = dwarf;
				ENABLE_STRICT_OBJC_MSGSEND = YES;
				ENABLE_TESTABILITY = YES;
				ENABLE_USER_SCRIPT_SANDBOXING = YES;
				GCC_C_LANGUAGE_STANDARD = gnu17;
				GCC_DYNAMIC_NO_PIC = NO;
				GCC_NO_COMMON_BLOCKS = YES;
				GCC_OPTIMIZATION_LEVEL = 0;
				GCC_PREPROCESSOR_DEFINITIONS = (
					"DEBUG=1",
					"$(inherited)",
				);
				GCC_WARN_64_TO_32_BIT_CONVERSION = YES;
				GCC_WARN_ABOUT_RETURN_TYPE = YES_ERROR;
				GCC_WARN_UNDECLARED_SELECTOR = YES;
				GCC_WARN_UNINITIALIZED_AUTOS = YES_AGGRESSIVE;
				GCC_WARN_UNUSED_FUNCTION = YES;
				GCC_WARN_UNUSED_VARIABLE = YES;
				IPHONEOS_DEPLOYMENT_TARGET = 17.5;
				LOCALIZATION_PREFERS_STRING_CATALOGS = YES;
				MTL_ENABLE_DEBUG_INFO = INCLUDE_SOURCE;
				MTL_FAST_MATH = YES;
				ONLY_ACTIVE_ARCH = YES;
				SDKROOT = iphoneos;
				SWIFT_ACTIVE_COMPILATION_CONDITIONS = "DEBUG $(inherited)";
				SWIFT_OPTIMIZATION_LEVEL = "-Onone";
			};
			name = Debug;
		};
		136E67FB2C61D2E000A15970 /* Release */ = {
			isa = XCBuildConfiguration;
			buildSettings = {
				ALWAYS_SEARCH_USER_PATHS = NO;
				ASSETCATALOG_COMPILER_GENERATE_SWIFT_ASSET_SYMBOL_EXTENSIONS = YES;
				CLANG_ANALYZER_NONNULL = YES;
				CLANG_ANALYZER_NUMBER_OBJECT_CONVERSION = YES_AGGRESSIVE;
				CLANG_CXX_LANGUAGE_STANDARD = "gnu++20";
				CLANG_ENABLE_MODULES = YES;
				CLANG_ENABLE_OBJC_ARC = YES;
				CLANG_ENABLE_OBJC_WEAK = YES;
				CLANG_WARN_BLOCK_CAPTURE_AUTORELEASING = YES;
				CLANG_WARN_BOOL_CONVERSION = YES;
				CLANG_WARN_COMMA = YES;
				CLANG_WARN_CONSTANT_CONVERSION = YES;
				CLANG_WARN_DEPRECATED_OBJC_IMPLEMENTATIONS = YES;
				CLANG_WARN_DIRECT_OBJC_ISA_USAGE = YES_ERROR;
				CLANG_WARN_DOCUMENTATION_COMMENTS = YES;
				CLANG_WARN_EMPTY_BODY = YES;
				CLANG_WARN_ENUM_CONVERSION = YES;
				CLANG_WARN_INFINITE_RECURSION = YES;
				CLANG_WARN_INT_CONVERSION = YES;
				CLANG_WARN_NON_LITERAL_NULL_CONVERSION = YES;
				CLANG_WARN_OBJC_IMPLICIT_RETAIN_SELF = YES;
				CLANG_WARN_OBJC_LITERAL_CONVERSION = YES;
				CLANG_WARN_OBJC_ROOT_CLASS = YES_ERROR;
				CLANG_WARN_QUOTED_INCLUDE_IN_FRAMEWORK_HEADER = YES;
				CLANG_WARN_RANGE_LOOP_ANALYSIS = YES;
				CLANG_WARN_STRICT_PROTOTYPES = YES;
				CLANG_WARN_SUSPICIOUS_MOVE = YES;
				CLANG_WARN_UNGUARDED_AVAILABILITY = YES_AGGRESSIVE;
				CLANG_WARN_UNREACHABLE_CODE = YES;
				CLANG_WARN__DUPLICATE_METHOD_MATCH = YES;
				COPY_PHASE_STRIP = NO;
				DEBUG_INFORMATION_FORMAT = "dwarf-with-dsym";
				ENABLE_NS_ASSERTIONS = NO;
				ENABLE_STRICT_OBJC_MSGSEND = YES;
				ENABLE_USER_SCRIPT_SANDBOXING = YES;
				GCC_C_LANGUAGE_STANDARD = gnu17;
				GCC_NO_COMMON_BLOCKS = YES;
				GCC_WARN_64_TO_32_BIT_CONVERSION = YES;
				GCC_WARN_ABOUT_RETURN_TYPE = YES_ERROR;
				GCC_WARN_UNDECLARED_SELECTOR = YES;
				GCC_WARN_UNINITIALIZED_AUTOS = YES_AGGRESSIVE;
				GCC_WARN_UNUSED_FUNCTION = YES;
				GCC_WARN_UNUSED_VARIABLE = YES;
				IPHONEOS_DEPLOYMENT_TARGET = 17.5;
				LOCALIZATION_PREFERS_STRING_CATALOGS = YES;
				MTL_ENABLE_DEBUG_INFO = NO;
				MTL_FAST_MATH = YES;
				SDKROOT = iphoneos;
				SWIFT_COMPILATION_MODE = wholemodule;
				VALIDATE_PRODUCT = YES;
			};
			name = Release;
		};
		136E67FD2C61D2E000A15970 /* Debug */ = {
			isa = XCBuildConfiguration;
			buildSettings = {
				ASSETCATALOG_COMPILER_APPICON_NAME = AppIcon;
				ASSETCATALOG_COMPILER_GLOBAL_ACCENT_COLOR_NAME = AccentColor;
				CODE_SIGN_ENTITLEMENTS = stepTracker/stepTracker.entitlements;
				CODE_SIGN_STYLE = Automatic;
				CURRENT_PROJECT_VERSION = 1;
				DEVELOPMENT_ASSET_PATHS = "\"stepTracker/Preview Content\"";
				DEVELOPMENT_TEAM = 3P6Q2V6N32;
				ENABLE_PREVIEWS = YES;
				GENERATE_INFOPLIST_FILE = YES;
				INFOPLIST_KEY_NSHealthShareUsageDescription = "The app shows your step and weight data in an interactive chart.";
				INFOPLIST_KEY_NSHealthUpdateUsageDescription = "The app allos you to add step and weight data to Apple Health";
				INFOPLIST_KEY_UIApplicationSceneManifest_Generation = YES;
				INFOPLIST_KEY_UIApplicationSupportsIndirectInputEvents = YES;
				INFOPLIST_KEY_UILaunchScreen_Generation = YES;
				INFOPLIST_KEY_UISupportedInterfaceOrientations_iPad = "UIInterfaceOrientationPortrait UIInterfaceOrientationPortraitUpsideDown UIInterfaceOrientationLandscapeLeft UIInterfaceOrientationLandscapeRight";
				INFOPLIST_KEY_UISupportedInterfaceOrientations_iPhone = "UIInterfaceOrientationPortrait UIInterfaceOrientationLandscapeLeft UIInterfaceOrientationLandscapeRight";
				LD_RUNPATH_SEARCH_PATHS = (
					"$(inherited)",
					"@executable_path/Frameworks",
				);
				MARKETING_VERSION = 1.0;
				PRODUCT_BUNDLE_IDENTIFIER = dactrtr.rocks.stepTracker;
				PRODUCT_NAME = "$(TARGET_NAME)";
				SWIFT_EMIT_LOC_STRINGS = YES;
				SWIFT_VERSION = 5.0;
				TARGETED_DEVICE_FAMILY = "1,2";
			};
			name = Debug;
		};
		136E67FE2C61D2E000A15970 /* Release */ = {
			isa = XCBuildConfiguration;
			buildSettings = {
				ASSETCATALOG_COMPILER_APPICON_NAME = AppIcon;
				ASSETCATALOG_COMPILER_GLOBAL_ACCENT_COLOR_NAME = AccentColor;
				CODE_SIGN_ENTITLEMENTS = stepTracker/stepTracker.entitlements;
				CODE_SIGN_STYLE = Automatic;
				CURRENT_PROJECT_VERSION = 1;
				DEVELOPMENT_ASSET_PATHS = "\"stepTracker/Preview Content\"";
				DEVELOPMENT_TEAM = 3P6Q2V6N32;
				ENABLE_PREVIEWS = YES;
				GENERATE_INFOPLIST_FILE = YES;
				INFOPLIST_KEY_NSHealthShareUsageDescription = "The app shows your step and weight data in an interactive chart.";
				INFOPLIST_KEY_NSHealthUpdateUsageDescription = "The app allos you to add step and weight data to Apple Health";
				INFOPLIST_KEY_UIApplicationSceneManifest_Generation = YES;
				INFOPLIST_KEY_UIApplicationSupportsIndirectInputEvents = YES;
				INFOPLIST_KEY_UILaunchScreen_Generation = YES;
				INFOPLIST_KEY_UISupportedInterfaceOrientations_iPad = "UIInterfaceOrientationPortrait UIInterfaceOrientationPortraitUpsideDown UIInterfaceOrientationLandscapeLeft UIInterfaceOrientationLandscapeRight";
				INFOPLIST_KEY_UISupportedInterfaceOrientations_iPhone = "UIInterfaceOrientationPortrait UIInterfaceOrientationLandscapeLeft UIInterfaceOrientationLandscapeRight";
				LD_RUNPATH_SEARCH_PATHS = (
					"$(inherited)",
					"@executable_path/Frameworks",
				);
				MARKETING_VERSION = 1.0;
				PRODUCT_BUNDLE_IDENTIFIER = dactrtr.rocks.stepTracker;
				PRODUCT_NAME = "$(TARGET_NAME)";
				SWIFT_EMIT_LOC_STRINGS = YES;
				SWIFT_VERSION = 5.0;
				TARGETED_DEVICE_FAMILY = "1,2";
			};
			name = Release;
		};
/* End XCBuildConfiguration section */

/* Begin XCConfigurationList section */
		136E67E92C61D2DE00A15970 /* Build configuration list for PBXProject "stepTracker" */ = {
			isa = XCConfigurationList;
			buildConfigurations = (
				136E67FA2C61D2E000A15970 /* Debug */,
				136E67FB2C61D2E000A15970 /* Release */,
			);
			defaultConfigurationIsVisible = 0;
			defaultConfigurationName = Release;
		};
		136E67FC2C61D2E000A15970 /* Build configuration list for PBXNativeTarget "stepTracker" */ = {
			isa = XCConfigurationList;
			buildConfigurations = (
				136E67FD2C61D2E000A15970 /* Debug */,
				136E67FE2C61D2E000A15970 /* Release */,
			);
			defaultConfigurationIsVisible = 0;
			defaultConfigurationName = Release;
		};
/* End XCConfigurationList section */

/* Begin XCRemoteSwiftPackageReference section */
		139BF7C12C8292C300B4DBF3 /* XCRemoteSwiftPackageReference "swift-algorithms" */ = {
			isa = XCRemoteSwiftPackageReference;
			repositoryURL = "https://github.com/apple/swift-algorithms.git";
			requirement = {
				kind = upToNextMajorVersion;
				minimumVersion = 1.2.0;
			};
		};
/* End XCRemoteSwiftPackageReference section */

/* Begin XCSwiftPackageProductDependency section */
		139BF7C22C8292C300B4DBF3 /* Algorithms */ = {
			isa = XCSwiftPackageProductDependency;
			package = 139BF7C12C8292C300B4DBF3 /* XCRemoteSwiftPackageReference "swift-algorithms" */;
			productName = Algorithms;
		};
/* End XCSwiftPackageProductDependency section */
	};
	rootObject = 136E67E62C61D2DE00A15970 /* Project object */;
}
